{
  "name": "app-insights",
  "version": "1.0.0",
  "lockfileVersion": 1,
  "requires": true,
  "dependencies": {
    "@azure/abort-controller": {
      "version": "1.0.4",
      "resolved": "https://npm.totvs.io/@azure%2fabort-controller/-/abort-controller-1.0.4.tgz",
      "integrity": "sha512-lNUmDRVGpanCsiUN3NWxFTdwmdFI53xwhkTFfHDGTYk46ca7Ind3nanJc+U6Zj9Tv+9nTCWRBscWEW1DyKOpTw==",
      "requires": {
        "tslib": "^2.0.0"
      }
    },
    "@azure/core-asynciterator-polyfill": {
      "version": "1.0.0",
      "resolved": "https://npm.totvs.io/@azure%2fcore-asynciterator-polyfill/-/core-asynciterator-polyfill-1.0.0.tgz",
      "integrity": "sha512-kmv8CGrPfN9SwMwrkiBK9VTQYxdFQEGe0BmQk+M8io56P9KNzpAxcWE/1fxJj7uouwN4kXF0BHW8DNlgx+wtCg=="
    },
    "@azure/core-auth": {
      "version": "1.3.2",
      "resolved": "https://npm.totvs.io/@azure%2fcore-auth/-/core-auth-1.3.2.tgz",
      "integrity": "sha512-7CU6DmCHIZp5ZPiZ9r3J17lTKMmYsm/zGvNkjArQwPkrLlZ1TZ+EUYfGgh2X31OLMVAQCTJZW4cXHJi02EbJnA==",
      "requires": {
        "@azure/abort-controller": "^1.0.0",
        "tslib": "^2.2.0"
      }
    },
    "@azure/core-http": {
      "version": "2.1.0",
      "resolved": "https://npm.totvs.io/@azure%2fcore-http/-/core-http-2.1.0.tgz",
      "integrity": "sha512-Pzj87F4b1RH4PFDUpxkZqCdDZ35c5AjDCt3lsTn3i7yCtrXasEm6PVJYhjwsvYYmtgM7aDZIXexcu/qLLf7kyA==",
      "requires": {
        "@azure/abort-controller": "^1.0.0",
        "@azure/core-asynciterator-polyfill": "^1.0.0",
        "@azure/core-auth": "^1.3.0",
        "@azure/core-tracing": "1.0.0-preview.13",
        "@azure/logger": "^1.0.0",
        "@types/node-fetch": "^2.5.0",
        "@types/tunnel": "^0.0.1",
        "form-data": "^3.0.0",
        "node-fetch": "^2.6.0",
        "process": "^0.11.10",
        "tough-cookie": "^4.0.0",
        "tslib": "^2.2.0",
        "tunnel": "^0.0.6",
        "uuid": "^8.3.0",
        "xml2js": "^0.4.19"
      }
    },
    "@azure/core-tracing": {
      "version": "1.0.0-preview.13",
      "resolved": "https://npm.totvs.io/@azure%2fcore-tracing/-/core-tracing-1.0.0-preview.13.tgz",
      "integrity": "sha512-KxDlhXyMlh2Jhj2ykX6vNEU0Vou4nHr025KoSEiz7cS3BNiHNaZcdECk/DmLkEB0as5T7b/TpRcehJ5yV6NeXQ==",
      "requires": {
        "@opentelemetry/api": "^1.0.1",
        "tslib": "^2.2.0"
      }
    },
    "@azure/logger": {
      "version": "1.0.2",
      "resolved": "https://npm.totvs.io/@azure%2flogger/-/logger-1.0.2.tgz",
      "integrity": "sha512-YZNjNV0vL3nN2nedmcjQBcpCTo3oqceXmgiQtEm6fLpucjRZyQKAQruhCmCpRlB1iykqKJJ/Y8CDmT5rIE6IJw==",
      "requires": {
        "tslib": "^2.0.0"
      }
    },
    "@opentelemetry/api": {
      "version": "1.0.1",
      "resolved": "https://npm.totvs.io/@opentelemetry%2fapi/-/api-1.0.1.tgz",
      "integrity": "sha512-H5Djcc2txGAINgf3TNaq4yFofYSIK3722PM89S/3R8FuI/eqi1UscajlXk7EBkG9s2pxss/q6SHlpturaavXaw=="
    },
    "@opentelemetry/core": {
      "version": "0.23.0",
      "resolved": "https://npm.totvs.io/@opentelemetry%2fcore/-/core-0.23.0.tgz",
      "integrity": "sha512-7COVsnGEW96ITjc0waWYo/R27sFqjPUg4SCoP8XL48zAGr9zjzeuJoQe/xVchs7op//qOeeEEeBxiBvXy2QS0Q==",
      "requires": {
        "@opentelemetry/semantic-conventions": "0.23.0",
        "semver": "^7.1.3"
      }
    },
    "@opentelemetry/resources": {
      "version": "0.23.0",
      "resolved": "https://npm.totvs.io/@opentelemetry%2fresources/-/resources-0.23.0.tgz",
      "integrity": "sha512-sAiaoQ0pOwjaaKySuwCUlvej/W9M5d+SxpcuBFUBUojqRlEAYDbx1FHClPnKtOysIb9rXJDQvM3xlH++7NQQzg==",
      "requires": {
        "@opentelemetry/core": "0.23.0",
        "@opentelemetry/semantic-conventions": "0.23.0"
      }
    },
    "@opentelemetry/semantic-conventions": {
      "version": "0.23.0",
      "resolved": "https://npm.totvs.io/@opentelemetry%2fsemantic-conventions/-/semantic-conventions-0.23.0.tgz",
      "integrity": "sha512-Tzo+VGR1zlzLbjVI+7mlDJ2xuaUsue4scWvFlK+fzcUfn9siF4NWbxoC2X6Br2B/g4dsq1OAwAYsPVYIEoY2rQ=="
    },
    "@opentelemetry/tracing": {
      "version": "0.23.0",
      "resolved": "https://npm.totvs.io/@opentelemetry%2ftracing/-/tracing-0.23.0.tgz",
      "integrity": "sha512-3vNLS55bE0CG1RBDz7+wAAKpLjbl8fhQKqM4MvTy/LYHSolgyM5BNutSb/TcA9LtWvkdI0djgFXxeRig1OFqoQ==",
      "requires": {
        "@opentelemetry/core": "0.23.0",
        "@opentelemetry/resources": "0.23.0",
        "@opentelemetry/semantic-conventions": "0.23.0",
        "lodash.merge": "^4.6.2"
      }
    },
    "@types/node": {
      "version": "16.4.6",
      "resolved": "https://npm.totvs.io/@types%2fnode/-/node-16.4.6.tgz",
      "integrity": "sha512-FKyawK3o5KL16AwbeFajen8G4K3mmqUrQsehn5wNKs8IzlKHE8TfnSmILXVMVziAEcnB23u1RCFU1NT6hSyr7Q=="
    },
    "@types/node-fetch": {
      "version": "2.5.12",
      "resolved": "https://npm.totvs.io/@types%2fnode-fetch/-/node-fetch-2.5.12.tgz",
      "integrity": "sha512-MKgC4dlq4kKNa/mYrwpKfzQMB5X3ee5U6fSprkKpToBqBmX4nFZL9cW5jl6sWn+xpRJ7ypWh2yyqqr8UUCstSw==",
      "requires": {
        "@types/node": "*",
        "form-data": "^3.0.0"
      }
    },
    "@types/tunnel": {
      "version": "0.0.1",
      "resolved": "https://npm.totvs.io/@types%2ftunnel/-/tunnel-0.0.1.tgz",
      "integrity": "sha512-AOqu6bQu5MSWwYvehMXLukFHnupHrpZ8nvgae5Ggie9UwzDR1CCwoXgSSWNZJuyOlCdfdsWMA5F2LlmvyoTv8A==",
      "requires": {
        "@types/node": "*"
      }
    },
    "applicationinsights": {
      "version": "2.1.4",
      "resolved": "https://npm.totvs.io/applicationinsights/-/applicationinsights-2.1.4.tgz",
      "integrity": "sha512-5cMAyW7jwHvdrKk4KU9VD6GR4o5D458KbdmAKKRp9SP9UNuY4pQHJoX60EmE14IlCXbIJd9CWUPhF4xQpCcwoQ==",
      "requires": {
        "@azure/core-http": "^2.0.0",
        "@opentelemetry/api": "^1.0.0",
        "@opentelemetry/tracing": "^0.23.0",
        "cls-hooked": "^4.2.2",
        "continuation-local-storage": "^3.2.1",
        "diagnostic-channel": "1.0.0",
        "diagnostic-channel-publishers": "1.0.1"
      }
    },
    "async-hook-jl": {
      "version": "1.7.6",
      "resolved": "https://npm.totvs.io/async-hook-jl/-/async-hook-jl-1.7.6.tgz",
      "integrity": "sha512-gFaHkFfSxTjvoxDMYqDuGHlcRyUuamF8s+ZTtJdDzqjws4mCt7v0vuV79/E2Wr2/riMQgtG4/yUtXWs1gZ7JMg==",
      "requires": {
        "stack-chain": "^1.3.7"
      }
    },
    "async-listener": {
      "version": "0.6.10",
      "resolved": "https://npm.totvs.io/async-listener/-/async-listener-0.6.10.tgz",
      "integrity": "sha512-gpuo6xOyF4D5DE5WvyqZdPA3NGhiT6Qf07l7DCB0wwDEsLvDIbCr6j9S5aj5Ch96dLace5tXVzWBZkxU/c5ohw==",
      "requires": {
        "semver": "^5.3.0",
        "shimmer": "^1.1.0"
      },
      "dependencies": {
        "semver": {
          "version": "5.7.1",
          "resolved": "https://npm.totvs.io/semver/-/semver-5.7.1.tgz",
          "integrity": "sha512-sauaDf/PZdVgrLTNYHRtpXa1iRiKcaebiKQ1BJdpQlWH2lCvexQdX55snPFyK7QzpudqbCI0qXFfOasHdyNDGQ=="
        }
      }
    },
    "asynckit": {
      "version": "0.4.0",
      "resolved": "https://npm.totvs.io/asynckit/-/asynckit-0.4.0.tgz",
      "integrity": "sha1-x57Zf380y48robyXkLzDZkdLS3k="
    },
    "axios": {
      "version": "0.21.1",
      "resolved": "https://npm.totvs.io/axios/-/axios-0.21.1.tgz",
      "integrity": "sha512-dKQiRHxGD9PPRIUNIWvZhPTPpl1rf/OxTYKsqKUDjBwYylTvV7SjSHJb9ratfyzM6wCdLCOYLzs73qpg5c4iGA==",
      "requires": {
        "follow-redirects": "^1.10.0"
      }
    },
    "cls-hooked": {
      "version": "4.2.2",
      "resolved": "https://npm.totvs.io/cls-hooked/-/cls-hooked-4.2.2.tgz",
      "integrity": "sha512-J4Xj5f5wq/4jAvcdgoGsL3G103BtWpZrMo8NEinRltN+xpTZdI+M38pyQqhuFU/P792xkMFvnKSf+Lm81U1bxw==",
      "requires": {
        "async-hook-jl": "^1.7.6",
        "emitter-listener": "^1.0.1",
        "semver": "^5.4.1"
      },
      "dependencies": {
        "semver": {
          "version": "5.7.1",
          "resolved": "https://npm.totvs.io/semver/-/semver-5.7.1.tgz",
          "integrity": "sha512-sauaDf/PZdVgrLTNYHRtpXa1iRiKcaebiKQ1BJdpQlWH2lCvexQdX55snPFyK7QzpudqbCI0qXFfOasHdyNDGQ=="
        }
      }
    },
    "combined-stream": {
      "version": "1.0.8",
      "resolved": "https://npm.totvs.io/combined-stream/-/combined-stream-1.0.8.tgz",
      "integrity": "sha512-FQN4MRfuJeHf7cBbBMJFXhKSDq+2kAArBlmRBvcvFE5BB1HZKXtSFASDhdlz9zOYwxh8lDdnvmMOe/+5cdoEdg==",
      "requires": {
        "delayed-stream": "~1.0.0"
      }
    },
    "continuation-local-storage": {
      "version": "3.2.1",
      "resolved": "https://npm.totvs.io/continuation-local-storage/-/continuation-local-storage-3.2.1.tgz",
      "integrity": "sha512-jx44cconVqkCEEyLSKWwkvUXwO561jXMa3LPjTPsm5QR22PA0/mhe33FT4Xb5y74JDvt/Cq+5lm8S8rskLv9ZA==",
      "requires": {
        "async-listener": "^0.6.0",
        "emitter-listener": "^1.1.1"
      }
    },
    "delayed-stream": {
      "version": "1.0.0",
      "resolved": "https://npm.totvs.io/delayed-stream/-/delayed-stream-1.0.0.tgz",
      "integrity": "sha1-3zrhmayt+31ECqrgsp4icrJOxhk="
    },
    "diagnostic-channel": {
      "version": "1.0.0",
      "resolved": "https://npm.totvs.io/diagnostic-channel/-/diagnostic-channel-1.0.0.tgz",
      "integrity": "sha512-v7Clmg5HG9XwIhqgbBRfwFzwZhxjvESZ33uu1cgcCLkdb9ZxgtY78eAgQMEQ39UecQ//4K5W75iq6LFBtAQD8w==",
      "requires": {
        "semver": "^5.3.0"
      },
      "dependencies": {
        "semver": {
          "version": "5.7.1",
          "resolved": "https://npm.totvs.io/semver/-/semver-5.7.1.tgz",
          "integrity": "sha512-sauaDf/PZdVgrLTNYHRtpXa1iRiKcaebiKQ1BJdpQlWH2lCvexQdX55snPFyK7QzpudqbCI0qXFfOasHdyNDGQ=="
        }
      }
    },
    "diagnostic-channel-publishers": {
      "version": "1.0.1",
      "resolved": "https://npm.totvs.io/diagnostic-channel-publishers/-/diagnostic-channel-publishers-1.0.1.tgz",
      "integrity": "sha512-9D6XicU15MLXVtYEaBc3q1Di/4ciUFMULApfBc8/RUUwBk7g16t7/aFKZF4Kt4B3aFBtCbsTYJRAMKCSFaYWDA=="
    },
    "emitter-listener": {
      "version": "1.1.2",
      "resolved": "https://npm.totvs.io/emitter-listener/-/emitter-listener-1.1.2.tgz",
      "integrity": "sha512-Bt1sBAGFHY9DKY+4/2cV6izcKJUf5T7/gkdmkxzX/qv9CcGH8xSwVRW5mtX03SWJtRTWSOpzCuWN9rBFYZepZQ==",
      "requires": {
        "shimmer": "^1.2.0"
      }
    },
    "follow-redirects": {
      "version": "1.14.1",
      "resolved": "https://npm.totvs.io/follow-redirects/-/follow-redirects-1.14.1.tgz",
      "integrity": "sha512-HWqDgT7ZEkqRzBvc2s64vSZ/hfOceEol3ac/7tKwzuvEyWx3/4UegXh5oBOIotkGsObyk3xznnSRVADBgWSQVg=="
    },
    "form-data": {
      "version": "3.0.1",
      "resolved": "https://npm.totvs.io/form-data/-/form-data-3.0.1.tgz",
      "integrity": "sha512-RHkBKtLWUVwd7SqRIvCZMEvAMoGUp0XU+seQiZejj0COz3RI3hWP4sCv3gZWWLjJTd7rGwcsF5eKZGii0r/hbg==",
      "requires": {
        "asynckit": "^0.4.0",
        "combined-stream": "^1.0.8",
        "mime-types": "^2.1.12"
      }
    },
    "lodash.merge": {
      "version": "4.6.2",
      "resolved": "https://npm.totvs.io/lodash.merge/-/lodash.merge-4.6.2.tgz",
      "integrity": "sha512-0KpjqXRVvrYyCsX1swR/XTK0va6VQkQM6MNo7PqW77ByjAhoARA8EfrP1N4+KlKj8YS0ZUCtRT/YUuhyYDujIQ=="
    },
    "lru-cache": {
      "version": "6.0.0",
      "resolved": "https://npm.totvs.io/lru-cache/-/lru-cache-6.0.0.tgz",
      "integrity": "sha512-Jo6dJ04CmSjuznwJSS3pUeWmd/H0ffTlkXXgwZi+eq1UCmqQwCh+eLsYOYCwY991i2Fah4h1BEMCx4qThGbsiA==",
      "requires": {
        "yallist": "^4.0.0"
      }
    },
    "mime-db": {
      "version": "1.49.0",
      "resolved": "https://npm.totvs.io/mime-db/-/mime-db-1.49.0.tgz",
      "integrity": "sha512-CIc8j9URtOVApSFCQIF+VBkX1RwXp/oMMOrqdyXSBXq5RWNEsRfyj1kiRnQgmNXmHxPoFIxOroKA3zcU9P+nAA=="
    },
    "mime-types": {
      "version": "2.1.32",
      "resolved": "https://npm.totvs.io/mime-types/-/mime-types-2.1.32.tgz",
      "integrity": "sha512-hJGaVS4G4c9TSMYh2n6SQAGrC4RnfU+daP8G7cSCmaqNjiOoUY0VHCMS42pxnQmVF1GWwFhbHWn3RIxCqTmZ9A==",
      "requires": {
        "mime-db": "1.49.0"
      }
    },
    "node-fetch": {
      "version": "2.6.1",
      "resolved": "https://npm.totvs.io/node-fetch/-/node-fetch-2.6.1.tgz",
      "integrity": "sha512-V4aYg89jEoVRxRb2fJdAg8FHvI7cEyYdVAh94HH0UIK8oJxUfkjlDQN9RbMx+bEjP7+ggMiFRprSti032Oipxw=="
    },
    "process": {
      "version": "0.11.10",
      "resolved": "https://npm.totvs.io/process/-/process-0.11.10.tgz",
      "integrity": "sha1-czIwDoQBYb2j5podHZGn1LwW8YI="
    },
    "psl": {
      "version": "1.8.0",
      "resolved": "https://npm.totvs.io/psl/-/psl-1.8.0.tgz",
      "integrity": "sha512-RIdOzyoavK+hA18OGGWDqUTsCLhtA7IcZ/6NCs4fFJaHBDab+pDDmDIByWFRQJq2Cd7r1OoQxBGKOaztq+hjIQ=="
    },
    "punycode": {
      "version": "2.1.1",
      "resolved": "https://npm.totvs.io/punycode/-/punycode-2.1.1.tgz",
      "integrity": "sha512-XRsRjdf+j5ml+y/6GKHPZbrF/8p2Yga0JPtdqTIY2Xe5ohJPD9saDJJLPvp9+NSBprVvevdXZybnj2cv8OEd0A=="
    },
    "sax": {
      "version": "1.2.4",
      "resolved": "https://npm.totvs.io/sax/-/sax-1.2.4.tgz",
      "integrity": "sha512-NqVDv9TpANUjFm0N8uM5GxL36UgKi9/atZw+x7YFnQ8ckwFGKrl4xX4yWtrey3UJm5nP1kUbnYgLopqWNSRhWw=="
    },
    "semver": {
      "version": "7.3.5",
      "resolved": "https://npm.totvs.io/semver/-/semver-7.3.5.tgz",
      "integrity": "sha512-PoeGJYh8HK4BTO/a9Tf6ZG3veo/A7ZVsYrSA6J8ny9nb3B1VrpkuN+z9OE5wfE5p6H4LchYZsegiQgbJD94ZFQ==",
      "requires": {
        "lru-cache": "^6.0.0"
      }
    },
    "shimmer": {
      "version": "1.2.1",
      "resolved": "https://npm.totvs.io/shimmer/-/shimmer-1.2.1.tgz",
      "integrity": "sha512-sQTKC1Re/rM6XyFM6fIAGHRPVGvyXfgzIDvzoq608vM+jeyVD0Tu1E6Np0Kc2zAIFWIj963V2800iF/9LPieQw=="
    },
    "stack-chain": {
      "version": "1.3.7",
      "resolved": "https://npm.totvs.io/stack-chain/-/stack-chain-1.3.7.tgz",
      "integrity": "sha1-0ZLJ/06moiyUxN1FkXHj8AzqEoU="
    },
    "tough-cookie": {
      "version": "4.0.0",
      "resolved": "https://npm.totvs.io/tough-cookie/-/tough-cookie-4.0.0.tgz",
      "integrity": "sha512-tHdtEpQCMrc1YLrMaqXXcj6AxhYi/xgit6mZu1+EDWUn+qhUf8wMQoFIy9NXuq23zAwtcB0t/MjACGR18pcRbg==",
      "requires": {
        "psl": "^1.1.33",
        "punycode": "^2.1.1",
        "universalify": "^0.1.2"
      }
    },
    "tslib": {
      "version": "2.3.0",
      "resolved": "https://npm.totvs.io/tslib/-/tslib-2.3.0.tgz",
      "integrity": "sha512-N82ooyxVNm6h1riLCoyS9e3fuJ3AMG2zIZs2Gd1ATcSFjSA23Q0fzjjZeh0jbJvWVDZ0cJT8yaNNaaXHzueNjg=="
    },
    "tunnel": {
      "version": "0.0.6",
      "resolved": "https://npm.totvs.io/tunnel/-/tunnel-0.0.6.tgz",
      "integrity": "sha512-1h/Lnq9yajKY2PEbBadPXj3VxsDDu844OnaAo52UVmIzIvwwtBPIuNvkjuzBlTWpfJyUbG3ez0KSBibQkj4ojg=="
    },
    "universalify": {
      "version": "0.1.2",
      "resolved": "https://npm.totvs.io/universalify/-/universalify-0.1.2.tgz",
      "integrity": "sha512-rBJeI5CXAlmy1pV+617WB9J63U6XcazHHF2f2dbJix4XzpUF0RS3Zbj0FGIOCAva5P/d/GBOYaACQ1w+0azUkg=="
    },
    "uuid": {
      "version": "8.3.2",
      "resolved": "https://npm.totvs.io/uuid/-/uuid-8.3.2.tgz",
      "integrity": "sha512-+NYs2QeMWy+GWFOEm9xnn6HCDp0l7QBD7ml8zLUmJ+93Q5NF0NocErnwkTkXVFNiX3/fpC6afS8Dhb/gz7R7eg=="
    },
    "xml2js": {
      "version": "0.4.23",
      "resolved": "https://npm.totvs.io/xml2js/-/xml2js-0.4.23.tgz",
      "integrity": "sha512-ySPiMjM0+pLDftHgXY4By0uswI3SPKLDw/i3UXbnO8M/p28zqexCUoPmQFrYD+/1BzhGJSs2i1ERWKJAtiLrug==",
      "requires": {
        "sax": ">=0.6.0",
        "xmlbuilder": "~11.0.0"
      }
    },
    "xmlbuilder": {
      "version": "11.0.1",
      "resolved": "https://npm.totvs.io/xmlbuilder/-/xmlbuilder-11.0.1.tgz",
      "integrity": "sha512-fDlsI/kFEx7gLvbecc0/ohLG50fugQp8ryHzMTuW9vSa1GJ0XYWKnhsUx7oie3G98+r56aTQIUB4kht42R3JvA=="
    },
    "yallist": {
      "version": "4.0.0",
      "resolved": "https://npm.totvs.io/yallist/-/yallist-4.0.0.tgz",
      "integrity": "sha512-3wdGidZyq5PB084XLES5TpOSRA3wjXAlIWMhum2kRcv/41Sn2emQ0dycQW4uZXLejwKvg6EsvbdlVL+FYEct7A=="
    }
  }
}
